// !$*UTF8*$!
{
	archiveVersion = 1;
	classes = {
	};
	objectVersion = 55;
	objects = {

/* Begin PBXBuildFile section */
		BA104083282E46A30036D1AC /* AppDelegate.swift in Sources */ = {isa = PBXBuildFile; fileRef = BA104082282E46A30036D1AC /* AppDelegate.swift */; };
		BA104085282E46A30036D1AC /* SceneDelegate.swift in Sources */ = {isa = PBXBuildFile; fileRef = BA104084282E46A30036D1AC /* SceneDelegate.swift */; };
		BA104087282E46A30036D1AC /* ViewController.swift in Sources */ = {isa = PBXBuildFile; fileRef = BA104086282E46A30036D1AC /* ViewController.swift */; };
		BA10408A282E46A30036D1AC /* Main.storyboard in Resources */ = {isa = PBXBuildFile; fileRef = BA104088282E46A30036D1AC /* Main.storyboard */; };
		BA10408C282E46A50036D1AC /* Assets.xcassets in Resources */ = {isa = PBXBuildFile; fileRef = BA10408B282E46A50036D1AC /* Assets.xcassets */; };
		BA10408F282E46A50036D1AC /* LaunchScreen.storyboard in Resources */ = {isa = PBXBuildFile; fileRef = BA10408D282E46A50036D1AC /* LaunchScreen.storyboard */; };
		BA10409A282E46A50036D1AC /* TechMonTests.swift in Sources */ = {isa = PBXBuildFile; fileRef = BA104099282E46A50036D1AC /* TechMonTests.swift */; };
		BA1040A4282E46A50036D1AC /* TechMonUITests.swift in Sources */ = {isa = PBXBuildFile; fileRef = BA1040A3282E46A50036D1AC /* TechMonUITests.swift */; };
		BA1040A6282E46A50036D1AC /* TechMonUITestsLaunchTests.swift in Sources */ = {isa = PBXBuildFile; fileRef = BA1040A5282E46A50036D1AC /* TechMonUITestsLaunchTests.swift */; };
		BA1040B3282E46E60036D1AC /* LobbyViewController.swift in Sources */ = {isa = PBXBuildFile; fileRef = BA1040B2282E46E60036D1AC /* LobbyViewController.swift */; };
		BA1040B5282E472C0036D1AC /* BattleViewController.swift in Sources */ = {isa = PBXBuildFile; fileRef = BA1040B4282E472C0036D1AC /* BattleViewController.swift */; };
		BA1040CF282E48610036D1AC /* lobby.png in Resources */ = {isa = PBXBuildFile; fileRef = BA1040BA282E48610036D1AC /* lobby.png */; };
		BA1040D0282E48610036D1AC /* battlebg.png in Resources */ = {isa = PBXBuildFile; fileRef = BA1040BB282E48610036D1AC /* battlebg.png */; };
		BA1040D1282E48610036D1AC /* bgimage.jpg in Resources */ = {isa = PBXBuildFile; fileRef = BA1040BC282E48610036D1AC /* bgimage.jpg */; };
		BA1040D2282E48610036D1AC /* waku.png in Resources */ = {isa = PBXBuildFile; fileRef = BA1040BD282E48610036D1AC /* waku.png */; };
		BA1040D3282E48610036D1AC /* gold_button.png in Resources */ = {isa = PBXBuildFile; fileRef = BA1040BE282E48610036D1AC /* gold_button.png */; };
		BA1040D4282E48610036D1AC /* yusya.png in Resources */ = {isa = PBXBuildFile; fileRef = BA1040BF282E48610036D1AC /* yusya.png */; };
		BA1040D5282E48610036D1AC /* monster.png in Resources */ = {isa = PBXBuildFile; fileRef = BA1040C0282E48610036D1AC /* monster.png */; };
		BA1040D6282E48610036D1AC /* Enemy.swift in Sources */ = {isa = PBXBuildFile; fileRef = BA1040C2282E48610036D1AC /* Enemy.swift */; };
		BA1040D7282E48610036D1AC /* TechDraUtil.swift in Sources */ = {isa = PBXBuildFile; fileRef = BA1040C3282E48610036D1AC /* TechDraUtil.swift */; };
		BA1040D8282E48610036D1AC /* Player.swift in Sources */ = {isa = PBXBuildFile; fileRef = BA1040C4282E48610036D1AC /* Player.swift */; };
		BA1040D9282E48610036D1AC /* SE_fanfare.mp3 in Resources */ = {isa = PBXBuildFile; fileRef = BA1040C6282E48610036D1AC /* SE_fanfare.mp3 */; };
		BA1040DA282E48610036D1AC /* BGM_battle001.mp3 in Resources */ = {isa = PBXBuildFile; fileRef = BA1040C7282E48610036D1AC /* BGM_battle001.mp3 */; };
		BA1040DB282E48610036D1AC /* SE_fire.mp3 in Resources */ = {isa = PBXBuildFile; fileRef = BA1040C8282E48610036D1AC /* SE_fire.mp3 */; };
		BA1040DC282E48610036D1AC /* SE_attack.mp3 in Resources */ = {isa = PBXBuildFile; fileRef = BA1040C9282E48610036D1AC /* SE_attack.mp3 */; };
		BA1040DD282E48610036D1AC /* SE_gameover.mp3 in Resources */ = {isa = PBXBuildFile; fileRef = BA1040CA282E48610036D1AC /* SE_gameover.mp3 */; };
		BA1040DE282E48610036D1AC /* SE_charge.mp3 in Resources */ = {isa = PBXBuildFile; fileRef = BA1040CB282E48610036D1AC /* SE_charge.mp3 */; };
		BA1040DF282E48610036D1AC /* lobby.mp3 in Resources */ = {isa = PBXBuildFile; fileRef = BA1040CC282E48610036D1AC /* lobby.mp3 */; };
		BA1040E0282E48610036D1AC /* misaki_gothic.ttf in Resources */ = {isa = PBXBuildFile; fileRef = BA1040CE282E48610036D1AC /* misaki_gothic.ttf */; };
/* End PBXBuildFile section */

/* Begin PBXContainerItemProxy section */
		BA104096282E46A50036D1AC /* PBXContainerItemProxy */ = {
			isa = PBXContainerItemProxy;
			containerPortal = BA104077282E46A30036D1AC /* Project object */;
			proxyType = 1;
			remoteGlobalIDString = BA10407E282E46A30036D1AC;
			remoteInfo = TechMon;
		};
		BA1040A0282E46A50036D1AC /* PBXContainerItemProxy */ = {
			isa = PBXContainerItemProxy;
			containerPortal = BA104077282E46A30036D1AC /* Project object */;
			proxyType = 1;
			remoteGlobalIDString = BA10407E282E46A30036D1AC;
			remoteInfo = TechMon;
		};
/* End PBXContainerItemProxy section */

/* Begin PBXFileReference section */
		BA10407F282E46A30036D1AC /* TechMon.app */ = {isa = PBXFileReference; explicitFileType = wrapper.application; includeInIndex = 0; path = TechMon.app; sourceTree = BUILT_PRODUCTS_DIR; };
		BA104082282E46A30036D1AC /* AppDelegate.swift */ = {isa = PBXFileReference; lastKnownFileType = sourcecode.swift; path = AppDelegate.swift; sourceTree = "<group>"; };
		BA104084282E46A30036D1AC /* SceneDelegate.swift */ = {isa = PBXFileReference; lastKnownFileType = sourcecode.swift; path = SceneDelegate.swift; sourceTree = "<group>"; };
		BA104086282E46A30036D1AC /* ViewController.swift */ = {isa = PBXFileReference; lastKnownFileType = sourcecode.swift; path = ViewController.swift; sourceTree = "<group>"; };
		BA104089282E46A30036D1AC /* Base */ = {isa = PBXFileReference; lastKnownFileType = file.storyboard; name = Base; path = Base.lproj/Main.storyboard; sourceTree = "<group>"; };
		BA10408B282E46A50036D1AC /* Assets.xcassets */ = {isa = PBXFileReference; lastKnownFileType = folder.assetcatalog; path = Assets.xcassets; sourceTree = "<group>"; };
		BA10408E282E46A50036D1AC /* Base */ = {isa = PBXFileReference; lastKnownFileType = file.storyboard; name = Base; path = Base.lproj/LaunchScreen.storyboard; sourceTree = "<group>"; };
		BA104090282E46A50036D1AC /* Info.plist */ = {isa = PBXFileReference; lastKnownFileType = text.plist.xml; path = Info.plist; sourceTree = "<group>"; };
		BA104095282E46A50036D1AC /* TechMonTests.xctest */ = {isa = PBXFileReference; explicitFileType = wrapper.cfbundle; includeInIndex = 0; path = TechMonTests.xctest; sourceTree = BUILT_PRODUCTS_DIR; };
		BA104099282E46A50036D1AC /* TechMonTests.swift */ = {isa = PBXFileReference; lastKnownFileType = sourcecode.swift; path = TechMonTests.swift; sourceTree = "<group>"; };
		BA10409F282E46A50036D1AC /* TechMonUITests.xctest */ = {isa = PBXFileReference; explicitFileType = wrapper.cfbundle; includeInIndex = 0; path = TechMonUITests.xctest; sourceTree = BUILT_PRODUCTS_DIR; };
		BA1040A3282E46A50036D1AC /* TechMonUITests.swift */ = {isa = PBXFileReference; lastKnownFileType = sourcecode.swift; path = TechMonUITests.swift; sourceTree = "<group>"; };
		BA1040A5282E46A50036D1AC /* TechMonUITestsLaunchTests.swift */ = {isa = PBXFileReference; lastKnownFileType = sourcecode.swift; path = TechMonUITestsLaunchTests.swift; sourceTree = "<group>"; };
		BA1040B2282E46E60036D1AC /* LobbyViewController.swift */ = {isa = PBXFileReference; lastKnownFileType = sourcecode.swift; path = LobbyViewController.swift; sourceTree = "<group>"; };
		BA1040B4282E472C0036D1AC /* BattleViewController.swift */ = {isa = PBXFileReference; lastKnownFileType = sourcecode.swift; path = BattleViewController.swift; sourceTree = "<group>"; };
		BA1040BA282E48610036D1AC /* lobby.png */ = {isa = PBXFileReference; lastKnownFileType = image.png; path = lobby.png; sourceTree = "<group>"; };
		BA1040BB282E48610036D1AC /* battlebg.png */ = {isa = PBXFileReference; lastKnownFileType = image.png; path = battlebg.png; sourceTree = "<group>"; };
		BA1040BC282E48610036D1AC /* bgimage.jpg */ = {isa = PBXFileReference; lastKnownFileType = image.jpeg; path = bgimage.jpg; sourceTree = "<group>"; };
		BA1040BD282E48610036D1AC /* waku.png */ = {isa = PBXFileReference; lastKnownFileType = image.png; path = waku.png; sourceTree = "<group>"; };
		BA1040BE282E48610036D1AC /* gold_button.png */ = {isa = PBXFileReference; lastKnownFileType = image.png; path = gold_button.png; sourceTree = "<group>"; };
		BA1040BF282E48610036D1AC /* yusya.png */ = {isa = PBXFileReference; lastKnownFileType = image.png; path = yusya.png; sourceTree = "<group>"; };
		BA1040C0282E48610036D1AC /* monster.png */ = {isa = PBXFileReference; lastKnownFileType = image.png; path = monster.png; sourceTree = "<group>"; };
		BA1040C2282E48610036D1AC /* Enemy.swift */ = {isa = PBXFileReference; fileEncoding = 4; lastKnownFileType = sourcecode.swift; path = Enemy.swift; sourceTree = "<group>"; };
		BA1040C3282E48610036D1AC /* TechDraUtil.swift */ = {isa = PBXFileReference; fileEncoding = 4; lastKnownFileType = sourcecode.swift; path = TechDraUtil.swift; sourceTree = "<group>"; };
		BA1040C4282E48610036D1AC /* Player.swift */ = {isa = PBXFileReference; fileEncoding = 4; lastKnownFileType = sourcecode.swift; path = Player.swift; sourceTree = "<group>"; };
		BA1040C6282E48610036D1AC /* SE_fanfare.mp3 */ = {isa = PBXFileReference; lastKnownFileType = audio.mp3; path = SE_fanfare.mp3; sourceTree = "<group>"; };
		BA1040C7282E48610036D1AC /* BGM_battle001.mp3 */ = {isa = PBXFileReference; lastKnownFileType = audio.mp3; path = BGM_battle001.mp3; sourceTree = "<group>"; };
		BA1040C8282E48610036D1AC /* SE_fire.mp3 */ = {isa = PBXFileReference; lastKnownFileType = audio.mp3; path = SE_fire.mp3; sourceTree = "<group>"; };
		BA1040C9282E48610036D1AC /* SE_attack.mp3 */ = {isa = PBXFileReference; lastKnownFileType = audio.mp3; path = SE_attack.mp3; sourceTree = "<group>"; };
		BA1040CA282E48610036D1AC /* SE_gameover.mp3 */ = {isa = PBXFileReference; lastKnownFileType = audio.mp3; path = SE_gameover.mp3; sourceTree = "<group>"; };
		BA1040CB282E48610036D1AC /* SE_charge.mp3 */ = {isa = PBXFileReference; lastKnownFileType = audio.mp3; path = SE_charge.mp3; sourceTree = "<group>"; };
		BA1040CC282E48610036D1AC /* lobby.mp3 */ = {isa = PBXFileReference; lastKnownFileType = audio.mp3; path = lobby.mp3; sourceTree = "<group>"; };
		BA1040CE282E48610036D1AC /* misaki_gothic.ttf */ = {isa = PBXFileReference; lastKnownFileType = file; path = misaki_gothic.ttf; sourceTree = "<group>"; };
/* End PBXFileReference section */

/* Begin PBXFrameworksBuildPhase section */
		BA10407C282E46A30036D1AC /* Frameworks */ = {
			isa = PBXFrameworksBuildPhase;
			buildActionMask = 2147483647;
			files = (
			);
			runOnlyForDeploymentPostprocessing = 0;
		};
		BA104092282E46A50036D1AC /* Frameworks */ = {
			isa = PBXFrameworksBuildPhase;
			buildActionMask = 2147483647;
			files = (
			);
			runOnlyForDeploymentPostprocessing = 0;
		};
		BA10409C282E46A50036D1AC /* Frameworks */ = {
			isa = PBXFrameworksBuildPhase;
			buildActionMask = 2147483647;
			files = (
			);
			runOnlyForDeploymentPostprocessing = 0;
		};
/* End PBXFrameworksBuildPhase section */

/* Begin PBXGroup section */
		BA104076282E46A30036D1AC = {
			isa = PBXGroup;
			children = (
				BA104081282E46A30036D1AC /* TechMon */,
				BA104098282E46A50036D1AC /* TechMonTests */,
				BA1040A2282E46A50036D1AC /* TechMonUITests */,
				BA104080282E46A30036D1AC /* Products */,
			);
			sourceTree = "<group>";
		};
		BA104080282E46A30036D1AC /* Products */ = {
			isa = PBXGroup;
			children = (
				BA10407F282E46A30036D1AC /* TechMon.app */,
				BA104095282E46A50036D1AC /* TechMonTests.xctest */,
				BA10409F282E46A50036D1AC /* TechMonUITests.xctest */,
			);
			name = Products;
			sourceTree = "<group>";
		};
		BA104081282E46A30036D1AC /* TechMon */ = {
			isa = PBXGroup;
			children = (
				BA1040B8282E48610036D1AC /* TechMon_Resources */,
				BA104082282E46A30036D1AC /* AppDelegate.swift */,
				BA104084282E46A30036D1AC /* SceneDelegate.swift */,
				BA104086282E46A30036D1AC /* ViewController.swift */,
				BA1040B2282E46E60036D1AC /* LobbyViewController.swift */,
				BA1040B4282E472C0036D1AC /* BattleViewController.swift */,
				BA104088282E46A30036D1AC /* Main.storyboard */,
				BA10408B282E46A50036D1AC /* Assets.xcassets */,
				BA10408D282E46A50036D1AC /* LaunchScreen.storyboard */,
				BA104090282E46A50036D1AC /* Info.plist */,
			);
			path = TechMon;
			sourceTree = "<group>";
		};
		BA104098282E46A50036D1AC /* TechMonTests */ = {
			isa = PBXGroup;
			children = (
				BA104099282E46A50036D1AC /* TechMonTests.swift */,
			);
			path = TechMonTests;
			sourceTree = "<group>";
		};
		BA1040A2282E46A50036D1AC /* TechMonUITests */ = {
			isa = PBXGroup;
			children = (
				BA1040A3282E46A50036D1AC /* TechMonUITests.swift */,
				BA1040A5282E46A50036D1AC /* TechMonUITestsLaunchTests.swift */,
			);
			path = TechMonUITests;
			sourceTree = "<group>";
		};
		BA1040B8282E48610036D1AC /* TechMon_Resources */ = {
			isa = PBXGroup;
			children = (
				BA1040B9282E48610036D1AC /* Images */,
				BA1040C1282E48610036D1AC /* Models */,
				BA1040C5282E48610036D1AC /* Sounds */,
				BA1040CD282E48610036D1AC /* Fonts */,
			);
			path = TechMon_Resources;
			sourceTree = "<group>";
		};
		BA1040B9282E48610036D1AC /* Images */ = {
			isa = PBXGroup;
			children = (
				BA1040BA282E48610036D1AC /* lobby.png */,
				BA1040BB282E48610036D1AC /* battlebg.png */,
				BA1040BC282E48610036D1AC /* bgimage.jpg */,
				BA1040BD282E48610036D1AC /* waku.png */,
				BA1040BE282E48610036D1AC /* gold_button.png */,
				BA1040BF282E48610036D1AC /* yusya.png */,
				BA1040C0282E48610036D1AC /* monster.png */,
			);
			path = Images;
			sourceTree = "<group>";
		};
		BA1040C1282E48610036D1AC /* Models */ = {
			isa = PBXGroup;
			children = (
				BA1040C2282E48610036D1AC /* Enemy.swift */,
				BA1040C3282E48610036D1AC /* TechDraUtil.swift */,
				BA1040C4282E48610036D1AC /* Player.swift */,
			);
			path = Models;
			sourceTree = "<group>";
		};
		BA1040C5282E48610036D1AC /* Sounds */ = {
			isa = PBXGroup;
			children = (
				BA1040C6282E48610036D1AC /* SE_fanfare.mp3 */,
				BA1040C7282E48610036D1AC /* BGM_battle001.mp3 */,
				BA1040C8282E48610036D1AC /* SE_fire.mp3 */,
				BA1040C9282E48610036D1AC /* SE_attack.mp3 */,
				BA1040CA282E48610036D1AC /* SE_gameover.mp3 */,
				BA1040CB282E48610036D1AC /* SE_charge.mp3 */,
				BA1040CC282E48610036D1AC /* lobby.mp3 */,
			);
			path = Sounds;
			sourceTree = "<group>";
		};
		BA1040CD282E48610036D1AC /* Fonts */ = {
			isa = PBXGroup;
			children = (
				BA1040CE282E48610036D1AC /* misaki_gothic.ttf */,
			);
			path = Fonts;
			sourceTree = "<group>";
		};
/* End PBXGroup section */

/* Begin PBXNativeTarget section */
		BA10407E282E46A30036D1AC /* TechMon */ = {
			isa = PBXNativeTarget;
			buildConfigurationList = BA1040A9282E46A50036D1AC /* Build configuration list for PBXNativeTarget "TechMon" */;
			buildPhases = (
				BA10407B282E46A30036D1AC /* Sources */,
				BA10407C282E46A30036D1AC /* Frameworks */,
				BA10407D282E46A30036D1AC /* Resources */,
			);
			buildRules = (
			);
			dependencies = (
			);
			name = TechMon;
			productName = TechMon;
			productReference = BA10407F282E46A30036D1AC /* TechMon.app */;
			productType = "com.apple.product-type.application";
		};
		BA104094282E46A50036D1AC /* TechMonTests */ = {
			isa = PBXNativeTarget;
			buildConfigurationList = BA1040AC282E46A50036D1AC /* Build configuration list for PBXNativeTarget "TechMonTests" */;
			buildPhases = (
				BA104091282E46A50036D1AC /* Sources */,
				BA104092282E46A50036D1AC /* Frameworks */,
				BA104093282E46A50036D1AC /* Resources */,
			);
			buildRules = (
			);
			dependencies = (
				BA104097282E46A50036D1AC /* PBXTargetDependency */,
			);
			name = TechMonTests;
			productName = TechMonTests;
			productReference = BA104095282E46A50036D1AC /* TechMonTests.xctest */;
			productType = "com.apple.product-type.bundle.unit-test";
		};
		BA10409E282E46A50036D1AC /* TechMonUITests */ = {
			isa = PBXNativeTarget;
			buildConfigurationList = BA1040AF282E46A50036D1AC /* Build configuration list for PBXNativeTarget "TechMonUITests" */;
			buildPhases = (
				BA10409B282E46A50036D1AC /* Sources */,
				BA10409C282E46A50036D1AC /* Frameworks */,
				BA10409D282E46A50036D1AC /* Resources */,
			);
			buildRules = (
			);
			dependencies = (
				BA1040A1282E46A50036D1AC /* PBXTargetDependency */,
			);
			name = TechMonUITests;
			productName = TechMonUITests;
			productReference = BA10409F282E46A50036D1AC /* TechMonUITests.xctest */;
			productType = "com.apple.product-type.bundle.ui-testing";
		};
/* End PBXNativeTarget section */

/* Begin PBXProject section */
		BA104077282E46A30036D1AC /* Project object */ = {
			isa = PBXProject;
			attributes = {
				BuildIndependentTargetsInParallel = 1;
				LastSwiftUpdateCheck = 1330;
				LastUpgradeCheck = 1330;
				TargetAttributes = {
					BA10407E282E46A30036D1AC = {
						CreatedOnToolsVersion = 13.3.1;
					};
					BA104094282E46A50036D1AC = {
						CreatedOnToolsVersion = 13.3.1;
						TestTargetID = BA10407E282E46A30036D1AC;
					};
					BA10409E282E46A50036D1AC = {
						CreatedOnToolsVersion = 13.3.1;
						TestTargetID = BA10407E282E46A30036D1AC;
					};
				};
			};
			buildConfigurationList = BA10407A282E46A30036D1AC /* Build configuration list for PBXProject "TechMon" */;
			compatibilityVersion = "Xcode 13.0";
			developmentRegion = en;
			hasScannedForEncodings = 0;
			knownRegions = (
				en,
				Base,
			);
			mainGroup = BA104076282E46A30036D1AC;
			productRefGroup = BA104080282E46A30036D1AC /* Products */;
			projectDirPath = "";
			projectRoot = "";
			targets = (
				BA10407E282E46A30036D1AC /* TechMon */,
				BA104094282E46A50036D1AC /* TechMonTests */,
				BA10409E282E46A50036D1AC /* TechMonUITests */,
			);
		};
/* End PBXProject section */

/* Begin PBXResourcesBuildPhase section */
		BA10407D282E46A30036D1AC /* Resources */ = {
			isa = PBXResourcesBuildPhase;
			buildActionMask = 2147483647;
			files = (
				BA1040D4282E48610036D1AC /* yusya.png in Resources */,
				BA1040D1282E48610036D1AC /* bgimage.jpg in Resources */,
				BA1040D2282E48610036D1AC /* waku.png in Resources */,
				BA1040D9282E48610036D1AC /* SE_fanfare.mp3 in Resources */,
				BA1040CF282E48610036D1AC /* lobby.png in Resources */,
				BA1040D3282E48610036D1AC /* gold_button.png in Resources */,
				BA1040DC282E48610036D1AC /* SE_attack.mp3 in Resources */,
				BA10408F282E46A50036D1AC /* LaunchScreen.storyboard in Resources */,
				BA1040DF282E48610036D1AC /* lobby.mp3 in Resources */,
				BA10408C282E46A50036D1AC /* Assets.xcassets in Resources */,
				BA1040E0282E48610036D1AC /* misaki_gothic.ttf in Resources */,
				BA1040DD282E48610036D1AC /* SE_gameover.mp3 in Resources */,
				BA1040D0282E48610036D1AC /* battlebg.png in Resources */,
				BA1040DA282E48610036D1AC /* BGM_battle001.mp3 in Resources */,
				BA1040DE282E48610036D1AC /* SE_charge.mp3 in Resources */,
				BA1040DB282E48610036D1AC /* SE_fire.mp3 in Resources */,
				BA1040D5282E48610036D1AC /* monster.png in Resources */,
				BA10408A282E46A30036D1AC /* Main.storyboard in Resources */,
			);
			runOnlyForDeploymentPostprocessing = 0;
		};
		BA104093282E46A50036D1AC /* Resources */ = {
			isa = PBXResourcesBuildPhase;
			buildActionMask = 2147483647;
			files = (
			);
			runOnlyForDeploymentPostprocessing = 0;
		};
		BA10409D282E46A50036D1AC /* Resources */ = {
			isa = PBXResourcesBuildPhase;
			buildActionMask = 2147483647;
			files = (
			);
			runOnlyForDeploymentPostprocessing = 0;
		};
/* End PBXResourcesBuildPhase section */

/* Begin PBXSourcesBuildPhase section */
		BA10407B282E46A30036D1AC /* Sources */ = {
			isa = PBXSourcesBuildPhase;
			buildActionMask = 2147483647;
			files = (
				BA104087282E46A30036D1AC /* ViewController.swift in Sources */,
				BA104083282E46A30036D1AC /* AppDelegate.swift in Sources */,
				BA1040D6282E48610036D1AC /* Enemy.swift in Sources */,
				BA104085282E46A30036D1AC /* SceneDelegate.swift in Sources */,
				BA1040D8282E48610036D1AC /* Player.swift in Sources */,
				BA1040B3282E46E60036D1AC /* LobbyViewController.swift in Sources */,
				BA1040B5282E472C0036D1AC /* BattleViewController.swift in Sources */,
				BA1040D7282E48610036D1AC /* TechDraUtil.swift in Sources */,
			);
			runOnlyForDeploymentPostprocessing = 0;
		};
		BA104091282E46A50036D1AC /* Sources */ = {
			isa = PBXSourcesBuildPhase;
			buildActionMask = 2147483647;
			files = (
				BA10409A282E46A50036D1AC /* TechMonTests.swift in Sources */,
			);
			runOnlyForDeploymentPostprocessing = 0;
		};
		BA10409B282E46A50036D1AC /* Sources */ = {
			isa = PBXSourcesBuildPhase;
			buildActionMask = 2147483647;
			files = (
				BA1040A4282E46A50036D1AC /* TechMonUITests.swift in Sources */,
				BA1040A6282E46A50036D1AC /* TechMonUITestsLaunchTests.swift in Sources */,
			);
			runOnlyForDeploymentPostprocessing = 0;
		};
/* End PBXSourcesBuildPhase section */

/* Begin PBXTargetDependency section */
		BA104097282E46A50036D1AC /* PBXTargetDependency */ = {
			isa = PBXTargetDependency;
			target = BA10407E282E46A30036D1AC /* TechMon */;
			targetProxy = BA104096282E46A50036D1AC /* PBXContainerItemProxy */;
		};
		BA1040A1282E46A50036D1AC /* PBXTargetDependency */ = {
			isa = PBXTargetDependency;
			target = BA10407E282E46A30036D1AC /* TechMon */;
			targetProxy = BA1040A0282E46A50036D1AC /* PBXContainerItemProxy */;
		};
/* End PBXTargetDependency section */

/* Begin PBXVariantGroup section */
		BA104088282E46A30036D1AC /* Main.storyboard */ = {
			isa = PBXVariantGroup;
			children = (
				BA104089282E46A30036D1AC /* Base */,
			);
			name = Main.storyboard;
			sourceTree = "<group>";
		};
		BA10408D282E46A50036D1AC /* LaunchScreen.storyboard */ = {
			isa = PBXVariantGroup;
			children = (
				BA10408E282E46A50036D1AC /* Base */,
			);
			name = LaunchScreen.storyboard;
			sourceTree = "<group>";
		};
/* End PBXVariantGroup section */

/* Begin XCBuildConfiguration section */
		BA1040A7282E46A50036D1AC /* Debug */ = {
			isa = XCBuildConfiguration;
			buildSettings = {
				ALWAYS_SEARCH_USER_PATHS = NO;
				CLANG_ANALYZER_NONNULL = YES;
				CLANG_ANALYZER_NUMBER_OBJECT_CONVERSION = YES_AGGRESSIVE;
				CLANG_CXX_LANGUAGE_STANDARD = "gnu++17";
				CLANG_ENABLE_MODULES = YES;
				CLANG_ENABLE_OBJC_ARC = YES;
				CLANG_ENABLE_OBJC_WEAK = YES;
				CLANG_WARN_BLOCK_CAPTURE_AUTORELEASING = YES;
				CLANG_WARN_BOOL_CONVERSION = YES;
				CLANG_WARN_COMMA = YES;
				CLANG_WARN_CONSTANT_CONVERSION = YES;
				CLANG_WARN_DEPRECATED_OBJC_IMPLEMENTATIONS = YES;
				CLANG_WARN_DIRECT_OBJC_ISA_USAGE = YES_ERROR;
				CLANG_WARN_DOCUMENTATION_COMMENTS = YES;
				CLANG_WARN_EMPTY_BODY = YES;
				CLANG_WARN_ENUM_CONVERSION = YES;
				CLANG_WARN_INFINITE_RECURSION = YES;
				CLANG_WARN_INT_CONVERSION = YES;
				CLANG_WARN_NON_LITERAL_NULL_CONVERSION = YES;
				CLANG_WARN_OBJC_IMPLICIT_RETAIN_SELF = YES;
				CLANG_WARN_OBJC_LITERAL_CONVERSION = YES;
				CLANG_WARN_OBJC_ROOT_CLASS = YES_ERROR;
				CLANG_WARN_QUOTED_INCLUDE_IN_FRAMEWORK_HEADER = YES;
				CLANG_WARN_RANGE_LOOP_ANALYSIS = YES;
				CLANG_WARN_STRICT_PROTOTYPES = YES;
				CLANG_WARN_SUSPICIOUS_MOVE = YES;
				CLANG_WARN_UNGUARDED_AVAILABILITY = YES_AGGRESSIVE;
				CLANG_WARN_UNREACHABLE_CODE = YES;
				CLANG_WARN__DUPLICATE_METHOD_MATCH = YES;
				COPY_PHASE_STRIP = NO;
				DEBUG_INFORMATION_FORMAT = dwarf;
				ENABLE_STRICT_OBJC_MSGSEND = YES;
				ENABLE_TESTABILITY = YES;
				GCC_C_LANGUAGE_STANDARD = gnu11;
				GCC_DYNAMIC_NO_PIC = NO;
				GCC_NO_COMMON_BLOCKS = YES;
				GCC_OPTIMIZATION_LEVEL = 0;
				GCC_PREPROCESSOR_DEFINITIONS = (
					"DEBUG=1",
					"$(inherited)",
				);
				GCC_WARN_64_TO_32_BIT_CONVERSION = YES;
				GCC_WARN_ABOUT_RETURN_TYPE = YES_ERROR;
				GCC_WARN_UNDECLARED_SELECTOR = YES;
				GCC_WARN_UNINITIALIZED_AUTOS = YES_AGGRESSIVE;
				GCC_WARN_UNUSED_FUNCTION = YES;
				GCC_WARN_UNUSED_VARIABLE = YES;
				IPHONEOS_DEPLOYMENT_TARGET = 15.4;
				MTL_ENABLE_DEBUG_INFO = INCLUDE_SOURCE;
				MTL_FAST_MATH = YES;
				ONLY_ACTIVE_ARCH = YES;
				SDKROOT = iphoneos;
				SWIFT_ACTIVE_COMPILATION_CONDITIONS = DEBUG;
				SWIFT_OPTIMIZATION_LEVEL = "-Onone";
			};
			name = Debug;
		};
		BA1040A8282E46A50036D1AC /* Release */ = {
			isa = XCBuildConfiguration;
			buildSettings = {
				ALWAYS_SEARCH_USER_PATHS = NO;
				CLANG_ANALYZER_NONNULL = YES;
				CLANG_ANALYZER_NUMBER_OBJECT_CONVERSION = YES_AGGRESSIVE;
				CLANG_CXX_LANGUAGE_STANDARD = "gnu++17";
				CLANG_ENABLE_MODULES = YES;
				CLANG_ENABLE_OBJC_ARC = YES;
				CLANG_ENABLE_OBJC_WEAK = YES;
				CLANG_WARN_BLOCK_CAPTURE_AUTORELEASING = YES;
				CLANG_WARN_BOOL_CONVERSION = YES;
				CLANG_WARN_COMMA = YES;
				CLANG_WARN_CONSTANT_CONVERSION = YES;
				CLANG_WARN_DEPRECATED_OBJC_IMPLEMENTATIONS = YES;
				CLANG_WARN_DIRECT_OBJC_ISA_USAGE = YES_ERROR;
				CLANG_WARN_DOCUMENTATION_COMMENTS = YES;
				CLANG_WARN_EMPTY_BODY = YES;
				CLANG_WARN_ENUM_CONVERSION = YES;
				CLANG_WARN_INFINITE_RECURSION = YES;
				CLANG_WARN_INT_CONVERSION = YES;
				CLANG_WARN_NON_LITERAL_NULL_CONVERSION = YES;
				CLANG_WARN_OBJC_IMPLICIT_RETAIN_SELF = YES;
				CLANG_WARN_OBJC_LITERAL_CONVERSION = YES;
				CLANG_WARN_OBJC_ROOT_CLASS = YES_ERROR;
				CLANG_WARN_QUOTED_INCLUDE_IN_FRAMEWORK_HEADER = YES;
				CLANG_WARN_RANGE_LOOP_ANALYSIS = YES;
				CLANG_WARN_STRICT_PROTOTYPES = YES;
				CLANG_WARN_SUSPICIOUS_MOVE = YES;
				CLANG_WARN_UNGUARDED_AVAILABILITY = YES_AGGRESSIVE;
				CLANG_WARN_UNREACHABLE_CODE = YES;
				CLANG_WARN__DUPLICATE_METHOD_MATCH = YES;
				COPY_PHASE_STRIP = NO;
				DEBUG_INFORMATION_FORMAT = "dwarf-with-dsym";
				ENABLE_NS_ASSERTIONS = NO;
				ENABLE_STRICT_OBJC_MSGSEND = YES;
				GCC_C_LANGUAGE_STANDARD = gnu11;
				GCC_NO_COMMON_BLOCKS = YES;
				GCC_WARN_64_TO_32_BIT_CONVERSION = YES;
				GCC_WARN_ABOUT_RETURN_TYPE = YES_ERROR;
				GCC_WARN_UNDECLARED_SELECTOR = YES;
				GCC_WARN_UNINITIALIZED_AUTOS = YES_AGGRESSIVE;
				GCC_WARN_UNUSED_FUNCTION = YES;
				GCC_WARN_UNUSED_VARIABLE = YES;
				IPHONEOS_DEPLOYMENT_TARGET = 15.4;
				MTL_ENABLE_DEBUG_INFO = NO;
				MTL_FAST_MATH = YES;
				SDKROOT = iphoneos;
				SWIFT_COMPILATION_MODE = wholemodule;
				SWIFT_OPTIMIZATION_LEVEL = "-O";
				VALIDATE_PRODUCT = YES;
			};
			name = Release;
		};
		BA1040AA282E46A50036D1AC /* Debug */ = {
			isa = XCBuildConfiguration;
			buildSettings = {
				ASSETCATALOG_COMPILER_APPICON_NAME = AppIcon;
				ASSETCATALOG_COMPILER_GLOBAL_ACCENT_COLOR_NAME = AccentColor;
				CODE_SIGN_STYLE = Automatic;
				CURRENT_PROJECT_VERSION = 1;
				DEVELOPMENT_TEAM = GLQ4RHPUQV;
				GENERATE_INFOPLIST_FILE = YES;
				INFOPLIST_FILE = TechMon/Info.plist;
				INFOPLIST_KEY_UIApplicationSupportsIndirectInputEvents = YES;
				INFOPLIST_KEY_UILaunchStoryboardName = LaunchScreen;
				INFOPLIST_KEY_UIMainStoryboardFile = Main;
				INFOPLIST_KEY_UISupportedInterfaceOrientations_iPad = "UIInterfaceOrientationPortrait UIInterfaceOrientationPortraitUpsideDown UIInterfaceOrientationLandscapeLeft UIInterfaceOrientationLandscapeRight";
				INFOPLIST_KEY_UISupportedInterfaceOrientations_iPhone = "UIInterfaceOrientationPortrait UIInterfaceOrientationLandscapeLeft UIInterfaceOrientationLandscapeRight";
				LD_RUNPATH_SEARCH_PATHS = (
					"$(inherited)",
					"@executable_path/Frameworks",
				);
				MARKETING_VERSION = 1.0;
				PRODUCT_BUNDLE_IDENTIFIER = "com.masashi-aso.TechMon";
				PRODUCT_NAME = "$(TARGET_NAME)";
				SWIFT_EMIT_LOC_STRINGS = YES;
				SWIFT_VERSION = 5.0;
				TARGETED_DEVICE_FAMILY = "1,2";
			};
			name = Debug;
		};
		BA1040AB282E46A50036D1AC /* Release */ = {
			isa = XCBuildConfiguration;
			buildSettings = {
				ASSETCATALOG_COMPILER_APPICON_NAME = AppIcon;
				ASSETCATALOG_COMPILER_GLOBAL_ACCENT_COLOR_NAME = AccentColor;
				CODE_SIGN_STYLE = Automatic;
				CURRENT_PROJECT_VERSION = 1;
				DEVELOPMENT_TEAM = GLQ4RHPUQV;
				GENERATE_INFOPLIST_FILE = YES;
				INFOPLIST_FILE = TechMon/Info.plist;
				INFOPLIST_KEY_UIApplicationSupportsIndirectInputEvents = YES;
				INFOPLIST_KEY_UILaunchStoryboardName = LaunchScreen;
				INFOPLIST_KEY_UIMainStoryboardFile = Main;
				INFOPLIST_KEY_UISupportedInterfaceOrientations_iPad = "UIInterfaceOrientationPortrait UIInterfaceOrientationPortraitUpsideDown UIInterfaceOrientationLandscapeLeft UIInterfaceOrientationLandscapeRight";
				INFOPLIST_KEY_UISupportedInterfaceOrientations_iPhone = "UIInterfaceOrientationPortrait UIInterfaceOrientationLandscapeLeft UIInterfaceOrientationLandscapeRight";
				LD_RUNPATH_SEARCH_PATHS = (
					"$(inherited)",
					"@executable_path/Frameworks",
				);
				MARKETING_VERSION = 1.0;
				PRODUCT_BUNDLE_IDENTIFIER = "com.masashi-aso.TechMon";
				PRODUCT_NAME = "$(TARGET_NAME)";
				SWIFT_EMIT_LOC_STRINGS = YES;
				SWIFT_VERSION = 5.0;
				TARGETED_DEVICE_FAMILY = "1,2";
			};
			name = Release;
		};
		BA1040AD282E46A50036D1AC /* Debug */ = {
			isa = XCBuildConfiguration;
			buildSettings = {
				ALWAYS_EMBED_SWIFT_STANDARD_LIBRARIES = YES;
				BUNDLE_LOADER = "$(TEST_HOST)";
				CODE_SIGN_STYLE = Automatic;
				CURRENT_PROJECT_VERSION = 1;
				DEVELOPMENT_TEAM = 872M555Y22;
				GENERATE_INFOPLIST_FILE = YES;
				IPHONEOS_DEPLOYMENT_TARGET = 15.4;
				MARKETING_VERSION = 1.0;
				PRODUCT_BUNDLE_IDENTIFIER = "com.masashi-aso.TechMonTests";
				PRODUCT_NAME = "$(TARGET_NAME)";
				SWIFT_EMIT_LOC_STRINGS = NO;
				SWIFT_VERSION = 5.0;
				TARGETED_DEVICE_FAMILY = "1,2";
				TEST_HOST = "$(BUILT_PRODUCTS_DIR)/TechMon.app/TechMon";
			};
			name = Debug;
		};
		BA1040AE282E46A50036D1AC /* Release */ = {
			isa = XCBuildConfiguration;
			buildSettings = {
				ALWAYS_EMBED_SWIFT_STANDARD_LIBRARIES = YES;
				BUNDLE_LOADER = "$(TEST_HOST)";
				CODE_SIGN_STYLE = Automatic;
				CURRENT_PROJECT_VERSION = 1;
				DEVELOPMENT_TEAM = 872M555Y22;
				GENERATE_INFOPLIST_FILE = YES;
				IPHONEOS_DEPLOYMENT_TARGET = 15.4;
				MARKETING_VERSION = 1.0;
				PRODUCT_BUNDLE_IDENTIFIER = "com.masashi-aso.TechMonTests";
				PRODUCT_NAME = "$(TARGET_NAME)";
				SWIFT_EMIT_LOC_STRINGS = NO;
				SWIFT_VERSION = 5.0;
				TARGETED_DEVICE_FAMILY = "1,2";
				TEST_HOST = "$(BUILT_PRODUCTS_DIR)/TechMon.app/TechMon";
			};
			name = Release;
		};
		BA1040B0282E46A50036D1AC /* Debug */ = {
			isa = XCBuildConfiguration;
			buildSettings = {
				ALWAYS_EMBED_SWIFT_STANDARD_LIBRARIES = YES;
				CODE_SIGN_STYLE = Automatic;
				CURRENT_PROJECT_VERSION = 1;
				DEVELOPMENT_TEAM = 872M555Y22;
				GENERATE_INFOPLIST_FILE = YES;
				MARKETING_VERSION = 1.0;
				PRODUCT_BUNDLE_IDENTIFIER = "com.masashi-aso.TechMonUITests";
				PRODUCT_NAME = "$(TARGET_NAME)";
				SWIFT_EMIT_LOC_STRINGS = NO;
				SWIFT_VERSION = 5.0;
				TARGETED_DEVICE_FAMILY = "1,2";
				TEST_TARGET_NAME = TechMon;
			};
			name = Debug;
		};
		BA1040B1282E46A50036D1AC /* Release */ = {
			isa = XCBuildConfiguration;
			buildSettings = {
				ALWAYS_EMBED_SWIFT_STANDARD_LIBRARIES = YES;
				CODE_SIGN_STYLE = Automatic;
				CURRENT_PROJECT_VERSION = 1;
				DEVELOPMENT_TEAM = 872M555Y22;
				GENERATE_INFOPLIST_FILE = YES;
				MARKETING_VERSION = 1.0;
				PRODUCT_BUNDLE_IDENTIFIER = "com.masashi-aso.TechMonUITests";
				PRODUCT_NAME = "$(TARGET_NAME)";
				SWIFT_EMIT_LOC_STRINGS = NO;
				SWIFT_VERSION = 5.0;
				TARGETED_DEVICE_FAMILY = "1,2";
				TEST_TARGET_NAME = TechMon;
			};
			name = Release;
		};
/* End XCBuildConfiguration section */

/* Begin XCConfigurationList section */
		BA10407A282E46A30036D1AC /* Build configuration list for PBXProject "TechMon" */ = {
			isa = XCConfigurationList;
			buildConfigurations = (
				BA1040A7282E46A50036D1AC /* Debug */,
				BA1040A8282E46A50036D1AC /* Release */,
			);
			defaultConfigurationIsVisible = 0;
			defaultConfigurationName = Release;
		};
		BA1040A9282E46A50036D1AC /* Build configuration list for PBXNativeTarget "TechMon" */ = {
			isa = XCConfigurationList;
			buildConfigurations = (
				BA1040AA282E46A50036D1AC /* Debug */,
				BA1040AB282E46A50036D1AC /* Release */,
			);
			defaultConfigurationIsVisible = 0;
			defaultConfigurationName = Release;
		};
		BA1040AC282E46A50036D1AC /* Build configuration list for PBXNativeTarget "TechMonTests" */ = {
			isa = XCConfigurationList;
			buildConfigurations = (
				BA1040AD282E46A50036D1AC /* Debug */,
				BA1040AE282E46A50036D1AC /* Release */,
			);
			defaultConfigurationIsVisible = 0;
			defaultConfigurationName = Release;
		};
		BA1040AF282E46A50036D1AC /* Build configuration list for PBXNativeTarget "TechMonUITests" */ = {
			isa = XCConfigurationList;
			buildConfigurations = (
				BA1040B0282E46A50036D1AC /* Debug */,
				BA1040B1282E46A50036D1AC /* Release */,
			);
			defaultConfigurationIsVisible = 0;
			defaultConfigurationName = Release;
		};
/* End XCConfigurationList section */
	};
	rootObject = BA104077282E46A30036D1AC /* Project object */;
}
